
Microsoft Visual Studio Solution File, Format Version 12.00
# Visual Studio 15
Project("{FAE04EC0-301F-11D3-BF4B-00C04F79EFBC}") = "Oculus.Platform", "Oculus.Platform.csproj", "{E27C040C-7C04-81C0-E5AF-D274E667C66F}"
EndProject
Project("{FAE04EC0-301F-11D3-BF4B-00C04F79EFBC}") = "Assembly-CSharp", "Assembly-CSharp.csproj", "{D3CA5CA3-4AF9-8FF9-C1A3-5B9616418F45}"
EndProject
Project("{FAE04EC0-301F-11D3-BF4B-00C04F79EFBC}") = "Oculus.Interaction", "Oculus.Interaction.csproj", "{E00DA593-0535-EAAE-1951-DADE7CBF95B2}"
EndProject
Project("{FAE04EC0-301F-11D3-BF4B-00C04F79EFBC}") = "Meta.WitAi", "Meta.WitAi.csproj", "{7A879919-7341-DC36-F5CB-9A6A2694D86A}"
EndProject
Project("{FAE04EC0-301F-11D3-BF4B-00C04F79EFBC}") = "Oculus.VR", "Oculus.VR.csproj", "{25276EC2-24DA-88C3-336E-D3987EFD0335}"
EndProject
Project("{FAE04EC0-301F-11D3-BF4B-00C04F79EFBC}") = "VoiceSDK.Dictation.Runtime", "VoiceSDK.Dictation.Runtime.csproj", "{4CD33918-2589-41E7-EEBE-4E35C05D8CD2}"
EndProject
Project("{FAE04EC0-301F-11D3-BF4B-00C04F79EFBC}") = "VoiceSDK.Runtime", "VoiceSDK.Runtime.csproj", "{9614416F-B7F6-7A88-B6A2-01D4B5BB12D2}"
EndProject
Project("{FAE04EC0-301F-11D3-BF4B-00C04F79EFBC}") = "Meta.WitAi.Lib", "Meta.WitAi.Lib.csproj", "{28F37B7D-631C-3B3A-E01A-66A0F9392246}"
EndProject
Project("{FAE04EC0-301F-11D3-BF4B-00C04F79EFBC}") = "Oculus.Interaction.OVR.Samples", "Oculus.Interaction.OVR.Samples.csproj", "{8EC35213-09F9-4E8B-D9C9-882EFDCA5785}"
EndProject
Project("{FAE04EC0-301F-11D3-BF4B-00C04F79EFBC}") = "Meta.WitAi.TTS.Samples", "Meta.WitAi.TTS.Samples.csproj", "{E8A9B78F-3CBA-2034-6CA6-A21B23A7E493}"
EndProject
Project("{FAE04EC0-301F-11D3-BF4B-00C04F79EFBC}") = "Oculus.Voice.Demo", "Oculus.Voice.Demo.csproj", "{50F49F99-293A-8B0A-C888-E8BB8E017A0C}"
EndProject
Project("{FAE04EC0-301F-11D3-BF4B-00C04F79EFBC}") = "Oculus.Interaction.OVR", "Oculus.Interaction.OVR.csproj", "{5800B932-A2BD-25CD-56B9-033031178D6C}"
EndProject
Project("{FAE04EC0-301F-11D3-BF4B-00C04F79EFBC}") = "AssistantCoreSDKRuntime", "AssistantCoreSDKRuntime.csproj", "{CCD0D9E5-3033-345B-A920-1EBCB93060A9}"
EndProject
Project("{FAE04EC0-301F-11D3-BF4B-00C04F79EFBC}") = "Meta.WitAi.Conduit", "Meta.WitAi.Conduit.csproj", "{02617A5A-E6F8-3932-7842-CB6BAB3DDB13}"
EndProject
Project("{FAE04EC0-301F-11D3-BF4B-00C04F79EFBC}") = "Oculus.AudioManager", "Oculus.AudioManager.csproj", "{4B30835B-5ED6-EC0C-35D9-85FF13A08EDB}"
EndProject
Project("{FAE04EC0-301F-11D3-BF4B-00C04F79EFBC}") = "Oculus.LipSync", "Oculus.LipSync.csproj", "{B86E1CB2-A73E-CF15-A185-DE9C21B378EC}"
EndProject
Project("{FAE04EC0-301F-11D3-BF4B-00C04F79EFBC}") = "Oculus.Spatializer", "Oculus.Spatializer.csproj", "{3312D253-8DD9-A38A-D831-35754E559E25}"
EndProject
Project("{FAE04EC0-301F-11D3-BF4B-00C04F79EFBC}") = "Meta.VoiceSDK.Mic.Other", "Meta.VoiceSDK.Mic.Other.csproj", "{8E367B1F-D513-108A-A3BA-5F94DE2EB6BF}"
EndProject
Project("{FAE04EC0-301F-11D3-BF4B-00C04F79EFBC}") = "Meta.VoiceSDK.Mic.Common", "Meta.VoiceSDK.Mic.Common.csproj", "{1B548BF6-2E40-3D70-06E6-2C6B60242B3E}"
EndProject
Project("{FAE04EC0-301F-11D3-BF4B-00C04F79EFBC}") = "Facebook.Wit.Dictation", "Facebook.Wit.Dictation.csproj", "{27414DB5-A68A-7294-FF26-E9565BCB834D}"
EndProject
Project("{FAE04EC0-301F-11D3-BF4B-00C04F79EFBC}") = "Meta.WitAi.TTS", "Meta.WitAi.TTS.csproj", "{3DC30D0F-22DD-10B6-0EC0-50C326D55746}"
EndProject
Project("{FAE04EC0-301F-11D3-BF4B-00C04F79EFBC}") = "Meta.WitAi.Editor", "Meta.WitAi.Editor.csproj", "{8C9B606B-8363-B433-BD2E-0B074538F15C}"
EndProject
Project("{FAE04EC0-301F-11D3-BF4B-00C04F79EFBC}") = "Meta.WitAI.Lib.Editor", "Meta.WitAI.Lib.Editor.csproj", "{B90E3978-AAF8-0B2C-4B96-C581A5CB55C5}"
EndProject
Project("{FAE04EC0-301F-11D3-BF4B-00C04F79EFBC}") = "Oculus.VR.Editor", "Oculus.VR.Editor.csproj", "{A2A6A4E3-9B9C-10DF-42D3-AA20761339C6}"
EndProject
Project("{FAE04EC0-301F-11D3-BF4B-00C04F79EFBC}") = "Meta.WitAi.Conduit.Editor", "Meta.WitAi.Conduit.Editor.csproj", "{67BF4885-D0D3-226A-A0D4-83DA27CCFEA4}"
EndProject
Project("{FAE04EC0-301F-11D3-BF4B-00C04F79EFBC}") = "Oculus.Interaction.Editor", "Oculus.Interaction.Editor.csproj", "{D1061675-C9D1-EB7C-60A6-E0F5C822557C}"
EndProject
Project("{FAE04EC0-301F-11D3-BF4B-00C04F79EFBC}") = "Oculus.Interaction.OVR.Editor", "Oculus.Interaction.OVR.Editor.csproj", "{484BF074-924D-BBF5-E2D3-84F291F47EB1}"
EndProject
Project("{FAE04EC0-301F-11D3-BF4B-00C04F79EFBC}") = "Assembly-CSharp-Editor", "Assembly-CSharp-Editor.csproj", "{81EB91CF-7D67-B402-AB07-2959C82BB407}"
EndProject
Project("{FAE04EC0-301F-11D3-BF4B-00C04F79EFBC}") = "Oculus.VR.Scripts.Editor", "Oculus.VR.Scripts.Editor.csproj", "{83E2B70C-E06B-D77C-ABF9-CCE267351A35}"
EndProject
Project("{FAE04EC0-301F-11D3-BF4B-00C04F79EFBC}") = "Oculus.Spatializer.Editor", "Oculus.Spatializer.Editor.csproj", "{972D38CE-35EA-1D72-2D8A-BA6CEE1422E6}"
EndProject
Project("{FAE04EC0-301F-11D3-BF4B-00C04F79EFBC}") = "Meta.WitAi.TTS.Editor", "Meta.WitAi.TTS.Editor.csproj", "{65AC2817-E63C-03B9-F482-E0D998E0DA91}"
EndProject
Project("{FAE04EC0-301F-11D3-BF4B-00C04F79EFBC}") = "VoiceSDK.Dictation.Editor", "VoiceSDK.Dictation.Editor.csproj", "{3B5432EF-7607-B9E0-1292-81BDD4A3BB79}"
EndProject
Project("{FAE04EC0-301F-11D3-BF4B-00C04F79EFBC}") = "Oculus.Platform.Editor", "Oculus.Platform.Editor.csproj", "{9F233993-855B-98FF-1562-71E788EFBF04}"
EndProject
Project("{FAE04EC0-301F-11D3-BF4B-00C04F79EFBC}") = "VoiceSDK.Editor", "VoiceSDK.Editor.csproj", "{41E53269-11F0-5ECA-5B43-18174F3933FE}"
EndProject
Project("{FAE04EC0-301F-11D3-BF4B-00C04F79EFBC}") = "Oculus.AudioManager.Audio.Editor", "Oculus.AudioManager.Audio.Editor.csproj", "{6CC9EB41-72C7-D0BE-33AB-531BB123C4D1}"
EndProject
Project("{FAE04EC0-301F-11D3-BF4B-00C04F79EFBC}") = "Oculus.LipSync.Editor", "Oculus.LipSync.Editor.csproj", "{2F7BCBEA-EBCC-2B91-3FE9-8BE411E53AA6}"
EndProject
Project("{FAE04EC0-301F-11D3-BF4B-00C04F79EFBC}") = "Oculus.AudioManager.Utils.Editor", "Oculus.AudioManager.Utils.Editor.csproj", "{302682F3-0D6E-EF89-3689-5FB0CB58A60F}"
EndProject
Project("{FAE04EC0-301F-11D3-BF4B-00C04F79EFBC}") = "Oculus.Interaction.Samples.Editor", "Oculus.Interaction.Samples.Editor.csproj", "{3115A22B-2E9F-526C-E8CA-5AFA4E095453}"
EndProject
Project("{FAE04EC0-301F-11D3-BF4B-00C04F79EFBC}") = "Facebook.Wit.Dictation.Editor", "Facebook.Wit.Dictation.Editor.csproj", "{92EA7AD5-E3B5-E803-C7CB-108F1CC8B062}"
EndProject
Project("{FAE04EC0-301F-11D3-BF4B-00C04F79EFBC}") = "Oculus.Interaction.InterfaceSupport", "Oculus.Interaction.InterfaceSupport.csproj", "{9080A28E-E11F-F9CB-A084-38A2BDC77C7E}"
EndProject
Project("{FAE04EC0-301F-11D3-BF4B-00C04F79EFBC}") = "AssistantCoreSDKEditor", "AssistantCoreSDKEditor.csproj", "{1E8DACF9-DCC4-0CC1-524B-B32EE3A91C92}"
EndProject
Global
	GlobalSection(SolutionConfigurationPlatforms) = preSolution
		Debug|Any CPU = Debug|Any CPU
		Release|Any CPU = Release|Any CPU
	EndGlobalSection
	GlobalSection(ProjectConfigurationPlatforms) = postSolution
		{E27C040C-7C04-81C0-E5AF-D274E667C66F}.Debug|Any CPU.ActiveCfg = Debug|Any CPU
		{E27C040C-7C04-81C0-E5AF-D274E667C66F}.Debug|Any CPU.Build.0 = Debug|Any CPU
		{E27C040C-7C04-81C0-E5AF-D274E667C66F}.Release|Any CPU.ActiveCfg = Release|Any CPU
		{E27C040C-7C04-81C0-E5AF-D274E667C66F}.Release|Any CPU.Build.0 = Release|Any CPU
		{D3CA5CA3-4AF9-8FF9-C1A3-5B9616418F45}.Debug|Any CPU.ActiveCfg = Debug|Any CPU
		{D3CA5CA3-4AF9-8FF9-C1A3-5B9616418F45}.Debug|Any CPU.Build.0 = Debug|Any CPU
		{D3CA5CA3-4AF9-8FF9-C1A3-5B9616418F45}.Release|Any CPU.ActiveCfg = Release|Any CPU
		{D3CA5CA3-4AF9-8FF9-C1A3-5B9616418F45}.Release|Any CPU.Build.0 = Release|Any CPU
		{E00DA593-0535-EAAE-1951-DADE7CBF95B2}.Debug|Any CPU.ActiveCfg = Debug|Any CPU
		{E00DA593-0535-EAAE-1951-DADE7CBF95B2}.Debug|Any CPU.Build.0 = Debug|Any CPU
		{E00DA593-0535-EAAE-1951-DADE7CBF95B2}.Release|Any CPU.ActiveCfg = Release|Any CPU
		{E00DA593-0535-EAAE-1951-DADE7CBF95B2}.Release|Any CPU.Build.0 = Release|Any CPU
		{7A879919-7341-DC36-F5CB-9A6A2694D86A}.Debug|Any CPU.ActiveCfg = Debug|Any CPU
		{7A879919-7341-DC36-F5CB-9A6A2694D86A}.Debug|Any CPU.Build.0 = Debug|Any CPU
		{7A879919-7341-DC36-F5CB-9A6A2694D86A}.Release|Any CPU.ActiveCfg = Release|Any CPU
		{7A879919-7341-DC36-F5CB-9A6A2694D86A}.Release|Any CPU.Build.0 = Release|Any CPU
		{25276EC2-24DA-88C3-336E-D3987EFD0335}.Debug|Any CPU.ActiveCfg = Debug|Any CPU
		{25276EC2-24DA-88C3-336E-D3987EFD0335}.Debug|Any CPU.Build.0 = Debug|Any CPU
		{25276EC2-24DA-88C3-336E-D3987EFD0335}.Release|Any CPU.ActiveCfg = Release|Any CPU
		{25276EC2-24DA-88C3-336E-D3987EFD0335}.Release|Any CPU.Build.0 = Release|Any CPU
		{4CD33918-2589-41E7-EEBE-4E35C05D8CD2}.Debug|Any CPU.ActiveCfg = Debug|Any CPU
		{4CD33918-2589-41E7-EEBE-4E35C05D8CD2}.Debug|Any CPU.Build.0 = Debug|Any CPU
		{4CD33918-2589-41E7-EEBE-4E35C05D8CD2}.Release|Any CPU.ActiveCfg = Release|Any CPU
		{4CD33918-2589-41E7-EEBE-4E35C05D8CD2}.Release|Any CPU.Build.0 = Release|Any CPU
		{9614416F-B7F6-7A88-B6A2-01D4B5BB12D2}.Debug|Any CPU.ActiveCfg = Debug|Any CPU
		{9614416F-B7F6-7A88-B6A2-01D4B5BB12D2}.Debug|Any CPU.Build.0 = Debug|Any CPU
		{9614416F-B7F6-7A88-B6A2-01D4B5BB12D2}.Release|Any CPU.ActiveCfg = Release|Any CPU
		{9614416F-B7F6-7A88-B6A2-01D4B5BB12D2}.Release|Any CPU.Build.0 = Release|Any CPU
		{28F37B7D-631C-3B3A-E01A-66A0F9392246}.Debug|Any CPU.ActiveCfg = Debug|Any CPU
		{28F37B7D-631C-3B3A-E01A-66A0F9392246}.Debug|Any CPU.Build.0 = Debug|Any CPU
		{28F37B7D-631C-3B3A-E01A-66A0F9392246}.Release|Any CPU.ActiveCfg = Release|Any CPU
		{28F37B7D-631C-3B3A-E01A-66A0F9392246}.Release|Any CPU.Build.0 = Release|Any CPU
		{8EC35213-09F9-4E8B-D9C9-882EFDCA5785}.Debug|Any CPU.ActiveCfg = Debug|Any CPU
		{8EC35213-09F9-4E8B-D9C9-882EFDCA5785}.Debug|Any CPU.Build.0 = Debug|Any CPU
		{8EC35213-09F9-4E8B-D9C9-882EFDCA5785}.Release|Any CPU.ActiveCfg = Release|Any CPU
		{8EC35213-09F9-4E8B-D9C9-882EFDCA5785}.Release|Any CPU.Build.0 = Release|Any CPU
		{E8A9B78F-3CBA-2034-6CA6-A21B23A7E493}.Debug|Any CPU.ActiveCfg = Debug|Any CPU
		{E8A9B78F-3CBA-2034-6CA6-A21B23A7E493}.Debug|Any CPU.Build.0 = Debug|Any CPU
		{E8A9B78F-3CBA-2034-6CA6-A21B23A7E493}.Release|Any CPU.ActiveCfg = Release|Any CPU
		{E8A9B78F-3CBA-2034-6CA6-A21B23A7E493}.Release|Any CPU.Build.0 = Release|Any CPU
		{50F49F99-293A-8B0A-C888-E8BB8E017A0C}.Debug|Any CPU.ActiveCfg = Debug|Any CPU
		{50F49F99-293A-8B0A-C888-E8BB8E017A0C}.Debug|Any CPU.Build.0 = Debug|Any CPU
		{50F49F99-293A-8B0A-C888-E8BB8E017A0C}.Release|Any CPU.ActiveCfg = Release|Any CPU
		{50F49F99-293A-8B0A-C888-E8BB8E017A0C}.Release|Any CPU.Build.0 = Release|Any CPU
		{5800B932-A2BD-25CD-56B9-033031178D6C}.Debug|Any CPU.ActiveCfg = Debug|Any CPU
		{5800B932-A2BD-25CD-56B9-033031178D6C}.Debug|Any CPU.Build.0 = Debug|Any CPU
		{5800B932-A2BD-25CD-56B9-033031178D6C}.Release|Any CPU.ActiveCfg = Release|Any CPU
		{5800B932-A2BD-25CD-56B9-033031178D6C}.Release|Any CPU.Build.0 = Release|Any CPU
		{CCD0D9E5-3033-345B-A920-1EBCB93060A9}.Debug|Any CPU.ActiveCfg = Debug|Any CPU
		{CCD0D9E5-3033-345B-A920-1EBCB93060A9}.Debug|Any CPU.Build.0 = Debug|Any CPU
		{CCD0D9E5-3033-345B-A920-1EBCB93060A9}.Release|Any CPU.ActiveCfg = Release|Any CPU
		{CCD0D9E5-3033-345B-A920-1EBCB93060A9}.Release|Any CPU.Build.0 = Release|Any CPU
		{02617A5A-E6F8-3932-7842-CB6BAB3DDB13}.Debug|Any CPU.ActiveCfg = Debug|Any CPU
		{02617A5A-E6F8-3932-7842-CB6BAB3DDB13}.Debug|Any CPU.Build.0 = Debug|Any CPU
		{02617A5A-E6F8-3932-7842-CB6BAB3DDB13}.Release|Any CPU.ActiveCfg = Release|Any CPU
		{02617A5A-E6F8-3932-7842-CB6BAB3DDB13}.Release|Any CPU.Build.0 = Release|Any CPU
		{4B30835B-5ED6-EC0C-35D9-85FF13A08EDB}.Debug|Any CPU.ActiveCfg = Debug|Any CPU
		{4B30835B-5ED6-EC0C-35D9-85FF13A08EDB}.Debug|Any CPU.Build.0 = Debug|Any CPU
		{4B30835B-5ED6-EC0C-35D9-85FF13A08EDB}.Release|Any CPU.ActiveCfg = Release|Any CPU
		{4B30835B-5ED6-EC0C-35D9-85FF13A08EDB}.Release|Any CPU.Build.0 = Release|Any CPU
		{B86E1CB2-A73E-CF15-A185-DE9C21B378EC}.Debug|Any CPU.ActiveCfg = Debug|Any CPU
		{B86E1CB2-A73E-CF15-A185-DE9C21B378EC}.Debug|Any CPU.Build.0 = Debug|Any CPU
		{B86E1CB2-A73E-CF15-A185-DE9C21B378EC}.Release|Any CPU.ActiveCfg = Release|Any CPU
		{B86E1CB2-A73E-CF15-A185-DE9C21B378EC}.Release|Any CPU.Build.0 = Release|Any CPU
		{3312D253-8DD9-A38A-D831-35754E559E25}.Debug|Any CPU.ActiveCfg = Debug|Any CPU
		{3312D253-8DD9-A38A-D831-35754E559E25}.Debug|Any CPU.Build.0 = Debug|Any CPU
		{3312D253-8DD9-A38A-D831-35754E559E25}.Release|Any CPU.ActiveCfg = Release|Any CPU
		{3312D253-8DD9-A38A-D831-35754E559E25}.Release|Any CPU.Build.0 = Release|Any CPU
		{8E367B1F-D513-108A-A3BA-5F94DE2EB6BF}.Debug|Any CPU.ActiveCfg = Debug|Any CPU
		{8E367B1F-D513-108A-A3BA-5F94DE2EB6BF}.Debug|Any CPU.Build.0 = Debug|Any CPU
		{8E367B1F-D513-108A-A3BA-5F94DE2EB6BF}.Release|Any CPU.ActiveCfg = Release|Any CPU
		{8E367B1F-D513-108A-A3BA-5F94DE2EB6BF}.Release|Any CPU.Build.0 = Release|Any CPU
		{1B548BF6-2E40-3D70-06E6-2C6B60242B3E}.Debug|Any CPU.ActiveCfg = Debug|Any CPU
		{1B548BF6-2E40-3D70-06E6-2C6B60242B3E}.Debug|Any CPU.Build.0 = Debug|Any CPU
		{1B548BF6-2E40-3D70-06E6-2C6B60242B3E}.Release|Any CPU.ActiveCfg = Release|Any CPU
		{1B548BF6-2E40-3D70-06E6-2C6B60242B3E}.Release|Any CPU.Build.0 = Release|Any CPU
		{27414DB5-A68A-7294-FF26-E9565BCB834D}.Debug|Any CPU.ActiveCfg = Debug|Any CPU
		{27414DB5-A68A-7294-FF26-E9565BCB834D}.Debug|Any CPU.Build.0 = Debug|Any CPU
		{27414DB5-A68A-7294-FF26-E9565BCB834D}.Release|Any CPU.ActiveCfg = Release|Any CPU
		{27414DB5-A68A-7294-FF26-E9565BCB834D}.Release|Any CPU.Build.0 = Release|Any CPU
		{3DC30D0F-22DD-10B6-0EC0-50C326D55746}.Debug|Any CPU.ActiveCfg = Debug|Any CPU
		{3DC30D0F-22DD-10B6-0EC0-50C326D55746}.Debug|Any CPU.Build.0 = Debug|Any CPU
		{3DC30D0F-22DD-10B6-0EC0-50C326D55746}.Release|Any CPU.ActiveCfg = Release|Any CPU
		{3DC30D0F-22DD-10B6-0EC0-50C326D55746}.Release|Any CPU.Build.0 = Release|Any CPU
		{8C9B606B-8363-B433-BD2E-0B074538F15C}.Debug|Any CPU.ActiveCfg = Debug|Any CPU
		{8C9B606B-8363-B433-BD2E-0B074538F15C}.Debug|Any CPU.Build.0 = Debug|Any CPU
		{8C9B606B-8363-B433-BD2E-0B074538F15C}.Release|Any CPU.ActiveCfg = Release|Any CPU
		{8C9B606B-8363-B433-BD2E-0B074538F15C}.Release|Any CPU.Build.0 = Release|Any CPU
		{B90E3978-AAF8-0B2C-4B96-C581A5CB55C5}.Debug|Any CPU.ActiveCfg = Debug|Any CPU
		{B90E3978-AAF8-0B2C-4B96-C581A5CB55C5}.Debug|Any CPU.Build.0 = Debug|Any CPU
		{B90E3978-AAF8-0B2C-4B96-C581A5CB55C5}.Release|Any CPU.ActiveCfg = Release|Any CPU
		{B90E3978-AAF8-0B2C-4B96-C581A5CB55C5}.Release|Any CPU.Build.0 = Release|Any CPU
		{A2A6A4E3-9B9C-10DF-42D3-AA20761339C6}.Debug|Any CPU.ActiveCfg = Debug|Any CPU
		{A2A6A4E3-9B9C-10DF-42D3-AA20761339C6}.Debug|Any CPU.Build.0 = Debug|Any CPU
		{A2A6A4E3-9B9C-10DF-42D3-AA20761339C6}.Release|Any CPU.ActiveCfg = Release|Any CPU
		{A2A6A4E3-9B9C-10DF-42D3-AA20761339C6}.Release|Any CPU.Build.0 = Release|Any CPU
		{67BF4885-D0D3-226A-A0D4-83DA27CCFEA4}.Debug|Any CPU.ActiveCfg = Debug|Any CPU
		{67BF4885-D0D3-226A-A0D4-83DA27CCFEA4}.Debug|Any CPU.Build.0 = Debug|Any CPU
		{67BF4885-D0D3-226A-A0D4-83DA27CCFEA4}.Release|Any CPU.ActiveCfg = Release|Any CPU
		{67BF4885-D0D3-226A-A0D4-83DA27CCFEA4}.Release|Any CPU.Build.0 = Release|Any CPU
		{D1061675-C9D1-EB7C-60A6-E0F5C822557C}.Debug|Any CPU.ActiveCfg = Debug|Any CPU
		{D1061675-C9D1-EB7C-60A6-E0F5C822557C}.Debug|Any CPU.Build.0 = Debug|Any CPU
		{D1061675-C9D1-EB7C-60A6-E0F5C822557C}.Release|Any CPU.ActiveCfg = Release|Any CPU
		{D1061675-C9D1-EB7C-60A6-E0F5C822557C}.Release|Any CPU.Build.0 = Release|Any CPU
		{484BF074-924D-BBF5-E2D3-84F291F47EB1}.Debug|Any CPU.ActiveCfg = Debug|Any CPU
		{484BF074-924D-BBF5-E2D3-84F291F47EB1}.Debug|Any CPU.Build.0 = Debug|Any CPU
		{484BF074-924D-BBF5-E2D3-84F291F47EB1}.Release|Any CPU.ActiveCfg = Release|Any CPU
		{484BF074-924D-BBF5-E2D3-84F291F47EB1}.Release|Any CPU.Build.0 = Release|Any CPU
		{81EB91CF-7D67-B402-AB07-2959C82BB407}.Debug|Any CPU.ActiveCfg = Debug|Any CPU
		{81EB91CF-7D67-B402-AB07-2959C82BB407}.Debug|Any CPU.Build.0 = Debug|Any CPU
		{81EB91CF-7D67-B402-AB07-2959C82BB407}.Release|Any CPU.ActiveCfg = Release|Any CPU
		{81EB91CF-7D67-B402-AB07-2959C82BB407}.Release|Any CPU.Build.0 = Release|Any CPU
		{83E2B70C-E06B-D77C-ABF9-CCE267351A35}.Debug|Any CPU.ActiveCfg = Debug|Any CPU
		{83E2B70C-E06B-D77C-ABF9-CCE267351A35}.Debug|Any CPU.Build.0 = Debug|Any CPU
		{83E2B70C-E06B-D77C-ABF9-CCE267351A35}.Release|Any CPU.ActiveCfg = Release|Any CPU
		{83E2B70C-E06B-D77C-ABF9-CCE267351A35}.Release|Any CPU.Build.0 = Release|Any CPU
		{972D38CE-35EA-1D72-2D8A-BA6CEE1422E6}.Debug|Any CPU.ActiveCfg = Debug|Any CPU
		{972D38CE-35EA-1D72-2D8A-BA6CEE1422E6}.Debug|Any CPU.Build.0 = Debug|Any CPU
		{972D38CE-35EA-1D72-2D8A-BA6CEE1422E6}.Release|Any CPU.ActiveCfg = Release|Any CPU
		{972D38CE-35EA-1D72-2D8A-BA6CEE1422E6}.Release|Any CPU.Build.0 = Release|Any CPU
		{65AC2817-E63C-03B9-F482-E0D998E0DA91}.Debug|Any CPU.ActiveCfg = Debug|Any CPU
		{65AC2817-E63C-03B9-F482-E0D998E0DA91}.Debug|Any CPU.Build.0 = Debug|Any CPU
		{65AC2817-E63C-03B9-F482-E0D998E0DA91}.Release|Any CPU.ActiveCfg = Release|Any CPU
		{65AC2817-E63C-03B9-F482-E0D998E0DA91}.Release|Any CPU.Build.0 = Release|Any CPU
		{3B5432EF-7607-B9E0-1292-81BDD4A3BB79}.Debug|Any CPU.ActiveCfg = Debug|Any CPU
		{3B5432EF-7607-B9E0-1292-81BDD4A3BB79}.Debug|Any CPU.Build.0 = Debug|Any CPU
		{3B5432EF-7607-B9E0-1292-81BDD4A3BB79}.Release|Any CPU.ActiveCfg = Release|Any CPU
		{3B5432EF-7607-B9E0-1292-81BDD4A3BB79}.Release|Any CPU.Build.0 = Release|Any CPU
		{9F233993-855B-98FF-1562-71E788EFBF04}.Debug|Any CPU.ActiveCfg = Debug|Any CPU
		{9F233993-855B-98FF-1562-71E788EFBF04}.Debug|Any CPU.Build.0 = Debug|Any CPU
		{9F233993-855B-98FF-1562-71E788EFBF04}.Release|Any CPU.ActiveCfg = Release|Any CPU
		{9F233993-855B-98FF-1562-71E788EFBF04}.Release|Any CPU.Build.0 = Release|Any CPU
		{41E53269-11F0-5ECA-5B43-18174F3933FE}.Debug|Any CPU.ActiveCfg = Debug|Any CPU
		{41E53269-11F0-5ECA-5B43-18174F3933FE}.Debug|Any CPU.Build.0 = Debug|Any CPU
		{41E53269-11F0-5ECA-5B43-18174F3933FE}.Release|Any CPU.ActiveCfg = Release|Any CPU
		{41E53269-11F0-5ECA-5B43-18174F3933FE}.Release|Any CPU.Build.0 = Release|Any CPU
		{6CC9EB41-72C7-D0BE-33AB-531BB123C4D1}.Debug|Any CPU.ActiveCfg = Debug|Any CPU
		{6CC9EB41-72C7-D0BE-33AB-531BB123C4D1}.Debug|Any CPU.Build.0 = Debug|Any CPU
		{6CC9EB41-72C7-D0BE-33AB-531BB123C4D1}.Release|Any CPU.ActiveCfg = Release|Any CPU
		{6CC9EB41-72C7-D0BE-33AB-531BB123C4D1}.Release|Any CPU.Build.0 = Release|Any CPU
		{2F7BCBEA-EBCC-2B91-3FE9-8BE411E53AA6}.Debug|Any CPU.ActiveCfg = Debug|Any CPU
		{2F7BCBEA-EBCC-2B91-3FE9-8BE411E53AA6}.Debug|Any CPU.Build.0 = Debug|Any CPU
		{2F7BCBEA-EBCC-2B91-3FE9-8BE411E53AA6}.Release|Any CPU.ActiveCfg = Release|Any CPU
		{2F7BCBEA-EBCC-2B91-3FE9-8BE411E53AA6}.Release|Any CPU.Build.0 = Release|Any CPU
		{302682F3-0D6E-EF89-3689-5FB0CB58A60F}.Debug|Any CPU.ActiveCfg = Debug|Any CPU
		{302682F3-0D6E-EF89-3689-5FB0CB58A60F}.Debug|Any CPU.Build.0 = Debug|Any CPU
		{302682F3-0D6E-EF89-3689-5FB0CB58A60F}.Release|Any CPU.ActiveCfg = Release|Any CPU
		{302682F3-0D6E-EF89-3689-5FB0CB58A60F}.Release|Any CPU.Build.0 = Release|Any CPU
		{3115A22B-2E9F-526C-E8CA-5AFA4E095453}.Debug|Any CPU.ActiveCfg = Debug|Any CPU
		{3115A22B-2E9F-526C-E8CA-5AFA4E095453}.Debug|Any CPU.Build.0 = Debug|Any CPU
		{3115A22B-2E9F-526C-E8CA-5AFA4E095453}.Release|Any CPU.ActiveCfg = Release|Any CPU
		{3115A22B-2E9F-526C-E8CA-5AFA4E095453}.Release|Any CPU.Build.0 = Release|Any CPU
		{92EA7AD5-E3B5-E803-C7CB-108F1CC8B062}.Debug|Any CPU.ActiveCfg = Debug|Any CPU
		{92EA7AD5-E3B5-E803-C7CB-108F1CC8B062}.Debug|Any CPU.Build.0 = Debug|Any CPU
		{92EA7AD5-E3B5-E803-C7CB-108F1CC8B062}.Release|Any CPU.ActiveCfg = Release|Any CPU
		{92EA7AD5-E3B5-E803-C7CB-108F1CC8B062}.Release|Any CPU.Build.0 = Release|Any CPU
		{9080A28E-E11F-F9CB-A084-38A2BDC77C7E}.Debug|Any CPU.ActiveCfg = Debug|Any CPU
		{9080A28E-E11F-F9CB-A084-38A2BDC77C7E}.Debug|Any CPU.Build.0 = Debug|Any CPU
		{9080A28E-E11F-F9CB-A084-38A2BDC77C7E}.Release|Any CPU.ActiveCfg = Release|Any CPU
		{9080A28E-E11F-F9CB-A084-38A2BDC77C7E}.Release|Any CPU.Build.0 = Release|Any CPU
		{1E8DACF9-DCC4-0CC1-524B-B32EE3A91C92}.Debug|Any CPU.ActiveCfg = Debug|Any CPU
		{1E8DACF9-DCC4-0CC1-524B-B32EE3A91C92}.Debug|Any CPU.Build.0 = Debug|Any CPU
		{1E8DACF9-DCC4-0CC1-524B-B32EE3A91C92}.Release|Any CPU.ActiveCfg = Release|Any CPU
		{1E8DACF9-DCC4-0CC1-524B-B32EE3A91C92}.Release|Any CPU.Build.0 = Release|Any CPU
	EndGlobalSection
	GlobalSection(SolutionProperties) = preSolution
		HideSolutionNode = FALSE
	EndGlobalSection
EndGlobal
