
Microsoft Visual Studio Solution File, Format Version 12.00
# Visual Studio 15
Project("{FAE04EC0-301F-11D3-BF4B-00C04F79EFBC}") = "Oculus.Platform", "Oculus.Platform.csproj", "{E388DA7C-9413-166A-C5BD-1640F3ECE5CE}"
EndProject
Project("{FAE04EC0-301F-11D3-BF4B-00C04F79EFBC}") = "Assembly-CSharp", "Assembly-CSharp.csproj", "{45DBC837-32A8-D8B7-472E-860D799D8F9D}"
EndProject
Project("{FAE04EC0-301F-11D3-BF4B-00C04F79EFBC}") = "Oculus.Interaction", "Oculus.Interaction.csproj", "{E28D5F20-1E00-E84F-6C16-F20543CE9154}"
EndProject
Project("{FAE04EC0-301F-11D3-BF4B-00C04F79EFBC}") = "Meta.WitAi", "Meta.WitAi.csproj", "{7CF29F33-7993-DB0D-2AAC-668FC86F90D4}"
EndProject
Project("{FAE04EC0-301F-11D3-BF4B-00C04F79EFBC}") = "Oculus.VR", "Oculus.VR.csproj", "{965D6D4A-6154-1A22-66DA-9ACA11714FB4}"
EndProject
Project("{FAE04EC0-301F-11D3-BF4B-00C04F79EFBC}") = "VoiceSDK.Dictation.Runtime", "VoiceSDK.Dictation.Runtime.csproj", "{9C49B0EE-0B42-B6DC-C55E-C68A1553230E}"
EndProject
Project("{FAE04EC0-301F-11D3-BF4B-00C04F79EFBC}") = "VoiceSDK.Runtime", "VoiceSDK.Runtime.csproj", "{01FC52A0-C92D-DFBB-BC10-EAD5773004AA}"
EndProject
Project("{FAE04EC0-301F-11D3-BF4B-00C04F79EFBC}") = "Meta.WitAi.Lib", "Meta.WitAi.Lib.csproj", "{58AE4404-2F6B-27DE-A690-8AA1C31BE6A7}"
EndProject
Project("{FAE04EC0-301F-11D3-BF4B-00C04F79EFBC}") = "Oculus.Interaction.OVR.Samples", "Oculus.Interaction.OVR.Samples.csproj", "{3B02C653-6CCC-171D-ACE9-156F996558ED}"
EndProject
Project("{FAE04EC0-301F-11D3-BF4B-00C04F79EFBC}") = "Meta.WitAi.TTS.Samples", "Meta.WitAi.TTS.Samples.csproj", "{D561E3A9-EF27-0960-8AE9-2BFBC8C431C3}"
EndProject
Project("{FAE04EC0-301F-11D3-BF4B-00C04F79EFBC}") = "Oculus.Voice.Demo", "Oculus.Voice.Demo.csproj", "{30091730-7A27-8C36-B36C-F116F249B0F3}"
EndProject
Project("{FAE04EC0-301F-11D3-BF4B-00C04F79EFBC}") = "Oculus.Interaction.OVR", "Oculus.Interaction.OVR.csproj", "{5F77CC84-0475-5260-DDE6-AB45251ED93C}"
EndProject
Project("{FAE04EC0-301F-11D3-BF4B-00C04F79EFBC}") = "AssistantCoreSDKRuntime", "AssistantCoreSDKRuntime.csproj", "{DA3A8BAF-F279-9FE2-1B09-5F9E37BC4874}"
EndProject
Project("{FAE04EC0-301F-11D3-BF4B-00C04F79EFBC}") = "Meta.WitAi.Conduit", "Meta.WitAi.Conduit.csproj", "{97A777E3-EAF0-9890-E3A3-41878E182375}"
EndProject
Project("{FAE04EC0-301F-11D3-BF4B-00C04F79EFBC}") = "Oculus.AudioManager", "Oculus.AudioManager.csproj", "{05B5B88D-0058-18B1-0537-24790D897816}"
EndProject
Project("{FAE04EC0-301F-11D3-BF4B-00C04F79EFBC}") = "Oculus.LipSync", "Oculus.LipSync.csproj", "{1D9529CF-C6BA-9207-9BF6-86FC6DAA36FD}"
EndProject
Project("{FAE04EC0-301F-11D3-BF4B-00C04F79EFBC}") = "Oculus.Spatializer", "Oculus.Spatializer.csproj", "{487C6A23-BAC1-0B9C-14A1-1261528974A5}"
EndProject
Project("{FAE04EC0-301F-11D3-BF4B-00C04F79EFBC}") = "Meta.VoiceSDK.Mic.Other", "Meta.VoiceSDK.Mic.Other.csproj", "{3FC203B4-7ACE-338B-1E8A-7E351E18C208}"
EndProject
Project("{FAE04EC0-301F-11D3-BF4B-00C04F79EFBC}") = "Meta.VoiceSDK.Mic.Common", "Meta.VoiceSDK.Mic.Common.csproj", "{D2A5A115-128A-7D56-041A-A7441BF9EB4F}"
EndProject
Project("{FAE04EC0-301F-11D3-BF4B-00C04F79EFBC}") = "Facebook.Wit.Dictation", "Facebook.Wit.Dictation.csproj", "{41D577C8-F285-737C-9246-F92D05745998}"
EndProject
Project("{FAE04EC0-301F-11D3-BF4B-00C04F79EFBC}") = "Meta.WitAi.TTS", "Meta.WitAi.TTS.csproj", "{2F454E89-5212-12ED-2A99-99D8F5B01EEB}"
EndProject
Project("{FAE04EC0-301F-11D3-BF4B-00C04F79EFBC}") = "Meta.WitAi.Editor", "Meta.WitAi.Editor.csproj", "{86809F25-FC15-6667-E5AF-E536F4317879}"
EndProject
Project("{FAE04EC0-301F-11D3-BF4B-00C04F79EFBC}") = "Meta.WitAI.Lib.Editor", "Meta.WitAI.Lib.Editor.csproj", "{77E61A0E-9707-342E-33E0-1858817953BC}"
EndProject
Project("{FAE04EC0-301F-11D3-BF4B-00C04F79EFBC}") = "Oculus.VR.Editor", "Oculus.VR.Editor.csproj", "{D60AC42E-76AA-2CD1-2D5D-953C46CABD45}"
EndProject
Project("{FAE04EC0-301F-11D3-BF4B-00C04F79EFBC}") = "Meta.WitAi.Conduit.Editor", "Meta.WitAi.Conduit.Editor.csproj", "{B8846CAA-C495-B600-BFC4-BC73E8A041F2}"
EndProject
Project("{FAE04EC0-301F-11D3-BF4B-00C04F79EFBC}") = "Oculus.Interaction.Editor", "Oculus.Interaction.Editor.csproj", "{20E44ED2-DA74-C2A5-3B29-F4D5F481700F}"
EndProject
Project("{FAE04EC0-301F-11D3-BF4B-00C04F79EFBC}") = "Oculus.Interaction.OVR.Editor", "Oculus.Interaction.OVR.Editor.csproj", "{1BD9E0C1-53EA-9B63-E3E2-D3869921C0B5}"
EndProject
Project("{FAE04EC0-301F-11D3-BF4B-00C04F79EFBC}") = "Assembly-CSharp-Editor", "Assembly-CSharp-Editor.csproj", "{5BC0DF8D-B5E9-CDC8-2EBF-6E29B9CB948D}"
EndProject
Project("{FAE04EC0-301F-11D3-BF4B-00C04F79EFBC}") = "Oculus.VR.Scripts.Editor", "Oculus.VR.Scripts.Editor.csproj", "{8DE39611-9869-C931-27A7-4D41DE445D6D}"
EndProject
Project("{FAE04EC0-301F-11D3-BF4B-00C04F79EFBC}") = "Oculus.Spatializer.Editor", "Oculus.Spatializer.Editor.csproj", "{C348460E-7ED5-7CC3-8D6D-D9C04B9A76A6}"
EndProject
Project("{FAE04EC0-301F-11D3-BF4B-00C04F79EFBC}") = "Meta.WitAi.TTS.Editor", "Meta.WitAi.TTS.Editor.csproj", "{32EBD6E6-1AE9-B6D4-6D2D-39F1678CC491}"
EndProject
Project("{FAE04EC0-301F-11D3-BF4B-00C04F79EFBC}") = "VoiceSDK.Dictation.Editor", "VoiceSDK.Dictation.Editor.csproj", "{23F2953E-5E81-FBEB-96F8-F9C7834584FC}"
EndProject
Project("{FAE04EC0-301F-11D3-BF4B-00C04F79EFBC}") = "Oculus.Platform.Editor", "Oculus.Platform.Editor.csproj", "{1145102D-3169-651D-E961-511C5003938A}"
EndProject
Project("{FAE04EC0-301F-11D3-BF4B-00C04F79EFBC}") = "VoiceSDK.Editor", "VoiceSDK.Editor.csproj", "{87001B7A-5267-4E18-23C5-795ED6A56B78}"
EndProject
Project("{FAE04EC0-301F-11D3-BF4B-00C04F79EFBC}") = "Oculus.AudioManager.Audio.Editor", "Oculus.AudioManager.Audio.Editor.csproj", "{F66E7E65-C257-4807-2062-DFC5E77AEB31}"
EndProject
Project("{FAE04EC0-301F-11D3-BF4B-00C04F79EFBC}") = "Oculus.LipSync.Editor", "Oculus.LipSync.Editor.csproj", "{A0424AAF-CC70-A9A5-2AAC-E43C6B7750A7}"
EndProject
Project("{FAE04EC0-301F-11D3-BF4B-00C04F79EFBC}") = "Oculus.AudioManager.Utils.Editor", "Oculus.AudioManager.Utils.Editor.csproj", "{E4C3E5E8-E7CA-1C0B-8C25-2BCEDF95EE78}"
EndProject
Project("{FAE04EC0-301F-11D3-BF4B-00C04F79EFBC}") = "Oculus.Interaction.Samples.Editor", "Oculus.Interaction.Samples.Editor.csproj", "{EEEDAD56-CFD8-EBFB-EB21-FF2605B55FE4}"
EndProject
Project("{FAE04EC0-301F-11D3-BF4B-00C04F79EFBC}") = "Facebook.Wit.Dictation.Editor", "Facebook.Wit.Dictation.Editor.csproj", "{2AA8CDBD-A973-E39B-8227-1CA0CE30E3A3}"
EndProject
Project("{FAE04EC0-301F-11D3-BF4B-00C04F79EFBC}") = "Oculus.Interaction.InterfaceSupport", "Oculus.Interaction.InterfaceSupport.csproj", "{DEDF300B-686F-D9F5-BAC1-17EF91F4DB83}"
EndProject
Project("{FAE04EC0-301F-11D3-BF4B-00C04F79EFBC}") = "AssistantCoreSDKEditor", "AssistantCoreSDKEditor.csproj", "{9F6E416B-42A6-C534-3674-58D0FE254067}"
EndProject
Global
	GlobalSection(SolutionConfigurationPlatforms) = preSolution
		Debug|Any CPU = Debug|Any CPU
		Release|Any CPU = Release|Any CPU
	EndGlobalSection
	GlobalSection(ProjectConfigurationPlatforms) = postSolution
		{E388DA7C-9413-166A-C5BD-1640F3ECE5CE}.Debug|Any CPU.ActiveCfg = Debug|Any CPU
		{E388DA7C-9413-166A-C5BD-1640F3ECE5CE}.Debug|Any CPU.Build.0 = Debug|Any CPU
		{E388DA7C-9413-166A-C5BD-1640F3ECE5CE}.Release|Any CPU.ActiveCfg = Release|Any CPU
		{E388DA7C-9413-166A-C5BD-1640F3ECE5CE}.Release|Any CPU.Build.0 = Release|Any CPU
		{45DBC837-32A8-D8B7-472E-860D799D8F9D}.Debug|Any CPU.ActiveCfg = Debug|Any CPU
		{45DBC837-32A8-D8B7-472E-860D799D8F9D}.Debug|Any CPU.Build.0 = Debug|Any CPU
		{45DBC837-32A8-D8B7-472E-860D799D8F9D}.Release|Any CPU.ActiveCfg = Release|Any CPU
		{45DBC837-32A8-D8B7-472E-860D799D8F9D}.Release|Any CPU.Build.0 = Release|Any CPU
		{E28D5F20-1E00-E84F-6C16-F20543CE9154}.Debug|Any CPU.ActiveCfg = Debug|Any CPU
		{E28D5F20-1E00-E84F-6C16-F20543CE9154}.Debug|Any CPU.Build.0 = Debug|Any CPU
		{E28D5F20-1E00-E84F-6C16-F20543CE9154}.Release|Any CPU.ActiveCfg = Release|Any CPU
		{E28D5F20-1E00-E84F-6C16-F20543CE9154}.Release|Any CPU.Build.0 = Release|Any CPU
		{7CF29F33-7993-DB0D-2AAC-668FC86F90D4}.Debug|Any CPU.ActiveCfg = Debug|Any CPU
		{7CF29F33-7993-DB0D-2AAC-668FC86F90D4}.Debug|Any CPU.Build.0 = Debug|Any CPU
		{7CF29F33-7993-DB0D-2AAC-668FC86F90D4}.Release|Any CPU.ActiveCfg = Release|Any CPU
		{7CF29F33-7993-DB0D-2AAC-668FC86F90D4}.Release|Any CPU.Build.0 = Release|Any CPU
		{965D6D4A-6154-1A22-66DA-9ACA11714FB4}.Debug|Any CPU.ActiveCfg = Debug|Any CPU
		{965D6D4A-6154-1A22-66DA-9ACA11714FB4}.Debug|Any CPU.Build.0 = Debug|Any CPU
		{965D6D4A-6154-1A22-66DA-9ACA11714FB4}.Release|Any CPU.ActiveCfg = Release|Any CPU
		{965D6D4A-6154-1A22-66DA-9ACA11714FB4}.Release|Any CPU.Build.0 = Release|Any CPU
		{9C49B0EE-0B42-B6DC-C55E-C68A1553230E}.Debug|Any CPU.ActiveCfg = Debug|Any CPU
		{9C49B0EE-0B42-B6DC-C55E-C68A1553230E}.Debug|Any CPU.Build.0 = Debug|Any CPU
		{9C49B0EE-0B42-B6DC-C55E-C68A1553230E}.Release|Any CPU.ActiveCfg = Release|Any CPU
		{9C49B0EE-0B42-B6DC-C55E-C68A1553230E}.Release|Any CPU.Build.0 = Release|Any CPU
		{01FC52A0-C92D-DFBB-BC10-EAD5773004AA}.Debug|Any CPU.ActiveCfg = Debug|Any CPU
		{01FC52A0-C92D-DFBB-BC10-EAD5773004AA}.Debug|Any CPU.Build.0 = Debug|Any CPU
		{01FC52A0-C92D-DFBB-BC10-EAD5773004AA}.Release|Any CPU.ActiveCfg = Release|Any CPU
		{01FC52A0-C92D-DFBB-BC10-EAD5773004AA}.Release|Any CPU.Build.0 = Release|Any CPU
		{58AE4404-2F6B-27DE-A690-8AA1C31BE6A7}.Debug|Any CPU.ActiveCfg = Debug|Any CPU
		{58AE4404-2F6B-27DE-A690-8AA1C31BE6A7}.Debug|Any CPU.Build.0 = Debug|Any CPU
		{58AE4404-2F6B-27DE-A690-8AA1C31BE6A7}.Release|Any CPU.ActiveCfg = Release|Any CPU
		{58AE4404-2F6B-27DE-A690-8AA1C31BE6A7}.Release|Any CPU.Build.0 = Release|Any CPU
		{3B02C653-6CCC-171D-ACE9-156F996558ED}.Debug|Any CPU.ActiveCfg = Debug|Any CPU
		{3B02C653-6CCC-171D-ACE9-156F996558ED}.Debug|Any CPU.Build.0 = Debug|Any CPU
		{3B02C653-6CCC-171D-ACE9-156F996558ED}.Release|Any CPU.ActiveCfg = Release|Any CPU
		{3B02C653-6CCC-171D-ACE9-156F996558ED}.Release|Any CPU.Build.0 = Release|Any CPU
		{D561E3A9-EF27-0960-8AE9-2BFBC8C431C3}.Debug|Any CPU.ActiveCfg = Debug|Any CPU
		{D561E3A9-EF27-0960-8AE9-2BFBC8C431C3}.Debug|Any CPU.Build.0 = Debug|Any CPU
		{D561E3A9-EF27-0960-8AE9-2BFBC8C431C3}.Release|Any CPU.ActiveCfg = Release|Any CPU
		{D561E3A9-EF27-0960-8AE9-2BFBC8C431C3}.Release|Any CPU.Build.0 = Release|Any CPU
		{30091730-7A27-8C36-B36C-F116F249B0F3}.Debug|Any CPU.ActiveCfg = Debug|Any CPU
		{30091730-7A27-8C36-B36C-F116F249B0F3}.Debug|Any CPU.Build.0 = Debug|Any CPU
		{30091730-7A27-8C36-B36C-F116F249B0F3}.Release|Any CPU.ActiveCfg = Release|Any CPU
		{30091730-7A27-8C36-B36C-F116F249B0F3}.Release|Any CPU.Build.0 = Release|Any CPU
		{5F77CC84-0475-5260-DDE6-AB45251ED93C}.Debug|Any CPU.ActiveCfg = Debug|Any CPU
		{5F77CC84-0475-5260-DDE6-AB45251ED93C}.Debug|Any CPU.Build.0 = Debug|Any CPU
		{5F77CC84-0475-5260-DDE6-AB45251ED93C}.Release|Any CPU.ActiveCfg = Release|Any CPU
		{5F77CC84-0475-5260-DDE6-AB45251ED93C}.Release|Any CPU.Build.0 = Release|Any CPU
		{DA3A8BAF-F279-9FE2-1B09-5F9E37BC4874}.Debug|Any CPU.ActiveCfg = Debug|Any CPU
		{DA3A8BAF-F279-9FE2-1B09-5F9E37BC4874}.Debug|Any CPU.Build.0 = Debug|Any CPU
		{DA3A8BAF-F279-9FE2-1B09-5F9E37BC4874}.Release|Any CPU.ActiveCfg = Release|Any CPU
		{DA3A8BAF-F279-9FE2-1B09-5F9E37BC4874}.Release|Any CPU.Build.0 = Release|Any CPU
		{97A777E3-EAF0-9890-E3A3-41878E182375}.Debug|Any CPU.ActiveCfg = Debug|Any CPU
		{97A777E3-EAF0-9890-E3A3-41878E182375}.Debug|Any CPU.Build.0 = Debug|Any CPU
		{97A777E3-EAF0-9890-E3A3-41878E182375}.Release|Any CPU.ActiveCfg = Release|Any CPU
		{97A777E3-EAF0-9890-E3A3-41878E182375}.Release|Any CPU.Build.0 = Release|Any CPU
		{05B5B88D-0058-18B1-0537-24790D897816}.Debug|Any CPU.ActiveCfg = Debug|Any CPU
		{05B5B88D-0058-18B1-0537-24790D897816}.Debug|Any CPU.Build.0 = Debug|Any CPU
		{05B5B88D-0058-18B1-0537-24790D897816}.Release|Any CPU.ActiveCfg = Release|Any CPU
		{05B5B88D-0058-18B1-0537-24790D897816}.Release|Any CPU.Build.0 = Release|Any CPU
		{1D9529CF-C6BA-9207-9BF6-86FC6DAA36FD}.Debug|Any CPU.ActiveCfg = Debug|Any CPU
		{1D9529CF-C6BA-9207-9BF6-86FC6DAA36FD}.Debug|Any CPU.Build.0 = Debug|Any CPU
		{1D9529CF-C6BA-9207-9BF6-86FC6DAA36FD}.Release|Any CPU.ActiveCfg = Release|Any CPU
		{1D9529CF-C6BA-9207-9BF6-86FC6DAA36FD}.Release|Any CPU.Build.0 = Release|Any CPU
		{487C6A23-BAC1-0B9C-14A1-1261528974A5}.Debug|Any CPU.ActiveCfg = Debug|Any CPU
		{487C6A23-BAC1-0B9C-14A1-1261528974A5}.Debug|Any CPU.Build.0 = Debug|Any CPU
		{487C6A23-BAC1-0B9C-14A1-1261528974A5}.Release|Any CPU.ActiveCfg = Release|Any CPU
		{487C6A23-BAC1-0B9C-14A1-1261528974A5}.Release|Any CPU.Build.0 = Release|Any CPU
		{3FC203B4-7ACE-338B-1E8A-7E351E18C208}.Debug|Any CPU.ActiveCfg = Debug|Any CPU
		{3FC203B4-7ACE-338B-1E8A-7E351E18C208}.Debug|Any CPU.Build.0 = Debug|Any CPU
		{3FC203B4-7ACE-338B-1E8A-7E351E18C208}.Release|Any CPU.ActiveCfg = Release|Any CPU
		{3FC203B4-7ACE-338B-1E8A-7E351E18C208}.Release|Any CPU.Build.0 = Release|Any CPU
		{D2A5A115-128A-7D56-041A-A7441BF9EB4F}.Debug|Any CPU.ActiveCfg = Debug|Any CPU
		{D2A5A115-128A-7D56-041A-A7441BF9EB4F}.Debug|Any CPU.Build.0 = Debug|Any CPU
		{D2A5A115-128A-7D56-041A-A7441BF9EB4F}.Release|Any CPU.ActiveCfg = Release|Any CPU
		{D2A5A115-128A-7D56-041A-A7441BF9EB4F}.Release|Any CPU.Build.0 = Release|Any CPU
		{41D577C8-F285-737C-9246-F92D05745998}.Debug|Any CPU.ActiveCfg = Debug|Any CPU
		{41D577C8-F285-737C-9246-F92D05745998}.Debug|Any CPU.Build.0 = Debug|Any CPU
		{41D577C8-F285-737C-9246-F92D05745998}.Release|Any CPU.ActiveCfg = Release|Any CPU
		{41D577C8-F285-737C-9246-F92D05745998}.Release|Any CPU.Build.0 = Release|Any CPU
		{2F454E89-5212-12ED-2A99-99D8F5B01EEB}.Debug|Any CPU.ActiveCfg = Debug|Any CPU
		{2F454E89-5212-12ED-2A99-99D8F5B01EEB}.Debug|Any CPU.Build.0 = Debug|Any CPU
		{2F454E89-5212-12ED-2A99-99D8F5B01EEB}.Release|Any CPU.ActiveCfg = Release|Any CPU
		{2F454E89-5212-12ED-2A99-99D8F5B01EEB}.Release|Any CPU.Build.0 = Release|Any CPU
		{86809F25-FC15-6667-E5AF-E536F4317879}.Debug|Any CPU.ActiveCfg = Debug|Any CPU
		{86809F25-FC15-6667-E5AF-E536F4317879}.Debug|Any CPU.Build.0 = Debug|Any CPU
		{86809F25-FC15-6667-E5AF-E536F4317879}.Release|Any CPU.ActiveCfg = Release|Any CPU
		{86809F25-FC15-6667-E5AF-E536F4317879}.Release|Any CPU.Build.0 = Release|Any CPU
		{77E61A0E-9707-342E-33E0-1858817953BC}.Debug|Any CPU.ActiveCfg = Debug|Any CPU
		{77E61A0E-9707-342E-33E0-1858817953BC}.Debug|Any CPU.Build.0 = Debug|Any CPU
		{77E61A0E-9707-342E-33E0-1858817953BC}.Release|Any CPU.ActiveCfg = Release|Any CPU
		{77E61A0E-9707-342E-33E0-1858817953BC}.Release|Any CPU.Build.0 = Release|Any CPU
		{D60AC42E-76AA-2CD1-2D5D-953C46CABD45}.Debug|Any CPU.ActiveCfg = Debug|Any CPU
		{D60AC42E-76AA-2CD1-2D5D-953C46CABD45}.Debug|Any CPU.Build.0 = Debug|Any CPU
		{D60AC42E-76AA-2CD1-2D5D-953C46CABD45}.Release|Any CPU.ActiveCfg = Release|Any CPU
		{D60AC42E-76AA-2CD1-2D5D-953C46CABD45}.Release|Any CPU.Build.0 = Release|Any CPU
		{B8846CAA-C495-B600-BFC4-BC73E8A041F2}.Debug|Any CPU.ActiveCfg = Debug|Any CPU
		{B8846CAA-C495-B600-BFC4-BC73E8A041F2}.Debug|Any CPU.Build.0 = Debug|Any CPU
		{B8846CAA-C495-B600-BFC4-BC73E8A041F2}.Release|Any CPU.ActiveCfg = Release|Any CPU
		{B8846CAA-C495-B600-BFC4-BC73E8A041F2}.Release|Any CPU.Build.0 = Release|Any CPU
		{20E44ED2-DA74-C2A5-3B29-F4D5F481700F}.Debug|Any CPU.ActiveCfg = Debug|Any CPU
		{20E44ED2-DA74-C2A5-3B29-F4D5F481700F}.Debug|Any CPU.Build.0 = Debug|Any CPU
		{20E44ED2-DA74-C2A5-3B29-F4D5F481700F}.Release|Any CPU.ActiveCfg = Release|Any CPU
		{20E44ED2-DA74-C2A5-3B29-F4D5F481700F}.Release|Any CPU.Build.0 = Release|Any CPU
		{1BD9E0C1-53EA-9B63-E3E2-D3869921C0B5}.Debug|Any CPU.ActiveCfg = Debug|Any CPU
		{1BD9E0C1-53EA-9B63-E3E2-D3869921C0B5}.Debug|Any CPU.Build.0 = Debug|Any CPU
		{1BD9E0C1-53EA-9B63-E3E2-D3869921C0B5}.Release|Any CPU.ActiveCfg = Release|Any CPU
		{1BD9E0C1-53EA-9B63-E3E2-D3869921C0B5}.Release|Any CPU.Build.0 = Release|Any CPU
		{5BC0DF8D-B5E9-CDC8-2EBF-6E29B9CB948D}.Debug|Any CPU.ActiveCfg = Debug|Any CPU
		{5BC0DF8D-B5E9-CDC8-2EBF-6E29B9CB948D}.Debug|Any CPU.Build.0 = Debug|Any CPU
		{5BC0DF8D-B5E9-CDC8-2EBF-6E29B9CB948D}.Release|Any CPU.ActiveCfg = Release|Any CPU
		{5BC0DF8D-B5E9-CDC8-2EBF-6E29B9CB948D}.Release|Any CPU.Build.0 = Release|Any CPU
		{8DE39611-9869-C931-27A7-4D41DE445D6D}.Debug|Any CPU.ActiveCfg = Debug|Any CPU
		{8DE39611-9869-C931-27A7-4D41DE445D6D}.Debug|Any CPU.Build.0 = Debug|Any CPU
		{8DE39611-9869-C931-27A7-4D41DE445D6D}.Release|Any CPU.ActiveCfg = Release|Any CPU
		{8DE39611-9869-C931-27A7-4D41DE445D6D}.Release|Any CPU.Build.0 = Release|Any CPU
		{C348460E-7ED5-7CC3-8D6D-D9C04B9A76A6}.Debug|Any CPU.ActiveCfg = Debug|Any CPU
		{C348460E-7ED5-7CC3-8D6D-D9C04B9A76A6}.Debug|Any CPU.Build.0 = Debug|Any CPU
		{C348460E-7ED5-7CC3-8D6D-D9C04B9A76A6}.Release|Any CPU.ActiveCfg = Release|Any CPU
		{C348460E-7ED5-7CC3-8D6D-D9C04B9A76A6}.Release|Any CPU.Build.0 = Release|Any CPU
		{32EBD6E6-1AE9-B6D4-6D2D-39F1678CC491}.Debug|Any CPU.ActiveCfg = Debug|Any CPU
		{32EBD6E6-1AE9-B6D4-6D2D-39F1678CC491}.Debug|Any CPU.Build.0 = Debug|Any CPU
		{32EBD6E6-1AE9-B6D4-6D2D-39F1678CC491}.Release|Any CPU.ActiveCfg = Release|Any CPU
		{32EBD6E6-1AE9-B6D4-6D2D-39F1678CC491}.Release|Any CPU.Build.0 = Release|Any CPU
		{23F2953E-5E81-FBEB-96F8-F9C7834584FC}.Debug|Any CPU.ActiveCfg = Debug|Any CPU
		{23F2953E-5E81-FBEB-96F8-F9C7834584FC}.Debug|Any CPU.Build.0 = Debug|Any CPU
		{23F2953E-5E81-FBEB-96F8-F9C7834584FC}.Release|Any CPU.ActiveCfg = Release|Any CPU
		{23F2953E-5E81-FBEB-96F8-F9C7834584FC}.Release|Any CPU.Build.0 = Release|Any CPU
		{1145102D-3169-651D-E961-511C5003938A}.Debug|Any CPU.ActiveCfg = Debug|Any CPU
		{1145102D-3169-651D-E961-511C5003938A}.Debug|Any CPU.Build.0 = Debug|Any CPU
		{1145102D-3169-651D-E961-511C5003938A}.Release|Any CPU.ActiveCfg = Release|Any CPU
		{1145102D-3169-651D-E961-511C5003938A}.Release|Any CPU.Build.0 = Release|Any CPU
		{87001B7A-5267-4E18-23C5-795ED6A56B78}.Debug|Any CPU.ActiveCfg = Debug|Any CPU
		{87001B7A-5267-4E18-23C5-795ED6A56B78}.Debug|Any CPU.Build.0 = Debug|Any CPU
		{87001B7A-5267-4E18-23C5-795ED6A56B78}.Release|Any CPU.ActiveCfg = Release|Any CPU
		{87001B7A-5267-4E18-23C5-795ED6A56B78}.Release|Any CPU.Build.0 = Release|Any CPU
		{F66E7E65-C257-4807-2062-DFC5E77AEB31}.Debug|Any CPU.ActiveCfg = Debug|Any CPU
		{F66E7E65-C257-4807-2062-DFC5E77AEB31}.Debug|Any CPU.Build.0 = Debug|Any CPU
		{F66E7E65-C257-4807-2062-DFC5E77AEB31}.Release|Any CPU.ActiveCfg = Release|Any CPU
		{F66E7E65-C257-4807-2062-DFC5E77AEB31}.Release|Any CPU.Build.0 = Release|Any CPU
		{A0424AAF-CC70-A9A5-2AAC-E43C6B7750A7}.Debug|Any CPU.ActiveCfg = Debug|Any CPU
		{A0424AAF-CC70-A9A5-2AAC-E43C6B7750A7}.Debug|Any CPU.Build.0 = Debug|Any CPU
		{A0424AAF-CC70-A9A5-2AAC-E43C6B7750A7}.Release|Any CPU.ActiveCfg = Release|Any CPU
		{A0424AAF-CC70-A9A5-2AAC-E43C6B7750A7}.Release|Any CPU.Build.0 = Release|Any CPU
		{E4C3E5E8-E7CA-1C0B-8C25-2BCEDF95EE78}.Debug|Any CPU.ActiveCfg = Debug|Any CPU
		{E4C3E5E8-E7CA-1C0B-8C25-2BCEDF95EE78}.Debug|Any CPU.Build.0 = Debug|Any CPU
		{E4C3E5E8-E7CA-1C0B-8C25-2BCEDF95EE78}.Release|Any CPU.ActiveCfg = Release|Any CPU
		{E4C3E5E8-E7CA-1C0B-8C25-2BCEDF95EE78}.Release|Any CPU.Build.0 = Release|Any CPU
		{EEEDAD56-CFD8-EBFB-EB21-FF2605B55FE4}.Debug|Any CPU.ActiveCfg = Debug|Any CPU
		{EEEDAD56-CFD8-EBFB-EB21-FF2605B55FE4}.Debug|Any CPU.Build.0 = Debug|Any CPU
		{EEEDAD56-CFD8-EBFB-EB21-FF2605B55FE4}.Release|Any CPU.ActiveCfg = Release|Any CPU
		{EEEDAD56-CFD8-EBFB-EB21-FF2605B55FE4}.Release|Any CPU.Build.0 = Release|Any CPU
		{2AA8CDBD-A973-E39B-8227-1CA0CE30E3A3}.Debug|Any CPU.ActiveCfg = Debug|Any CPU
		{2AA8CDBD-A973-E39B-8227-1CA0CE30E3A3}.Debug|Any CPU.Build.0 = Debug|Any CPU
		{2AA8CDBD-A973-E39B-8227-1CA0CE30E3A3}.Release|Any CPU.ActiveCfg = Release|Any CPU
		{2AA8CDBD-A973-E39B-8227-1CA0CE30E3A3}.Release|Any CPU.Build.0 = Release|Any CPU
		{DEDF300B-686F-D9F5-BAC1-17EF91F4DB83}.Debug|Any CPU.ActiveCfg = Debug|Any CPU
		{DEDF300B-686F-D9F5-BAC1-17EF91F4DB83}.Debug|Any CPU.Build.0 = Debug|Any CPU
		{DEDF300B-686F-D9F5-BAC1-17EF91F4DB83}.Release|Any CPU.ActiveCfg = Release|Any CPU
		{DEDF300B-686F-D9F5-BAC1-17EF91F4DB83}.Release|Any CPU.Build.0 = Release|Any CPU
		{9F6E416B-42A6-C534-3674-58D0FE254067}.Debug|Any CPU.ActiveCfg = Debug|Any CPU
		{9F6E416B-42A6-C534-3674-58D0FE254067}.Debug|Any CPU.Build.0 = Debug|Any CPU
		{9F6E416B-42A6-C534-3674-58D0FE254067}.Release|Any CPU.ActiveCfg = Release|Any CPU
		{9F6E416B-42A6-C534-3674-58D0FE254067}.Release|Any CPU.Build.0 = Release|Any CPU
	EndGlobalSection
	GlobalSection(SolutionProperties) = preSolution
		HideSolutionNode = FALSE
	EndGlobalSection
EndGlobal
