
Microsoft Visual Studio Solution File, Format Version 12.00
# Visual Studio 15
Project("{FAE04EC0-301F-11D3-BF4B-00C04F79EFBC}") = "Oculus.Platform", "Oculus.Platform.csproj", "{D8B94E0C-6C9B-03B1-2861-7B49F55EC842}"
EndProject
Project("{FAE04EC0-301F-11D3-BF4B-00C04F79EFBC}") = "Assembly-CSharp", "Assembly-CSharp.csproj", "{FDD6FEAB-6DE5-2E62-F6F2-ABA667087FC3}"
EndProject
Project("{FAE04EC0-301F-11D3-BF4B-00C04F79EFBC}") = "Oculus.Interaction", "Oculus.Interaction.csproj", "{46FE4121-0841-D07B-3237-35DE2EE46278}"
EndProject
Project("{FAE04EC0-301F-11D3-BF4B-00C04F79EFBC}") = "Meta.WitAi", "Meta.WitAi.csproj", "{2876E11D-A1DE-D0F8-4F16-4142B710F996}"
EndProject
Project("{FAE04EC0-301F-11D3-BF4B-00C04F79EFBC}") = "Oculus.VR", "Oculus.VR.csproj", "{9F8A1A3D-1E98-441F-107E-4AFA4285AA1A}"
EndProject
Project("{FAE04EC0-301F-11D3-BF4B-00C04F79EFBC}") = "VoiceSDK.Dictation.Runtime", "VoiceSDK.Dictation.Runtime.csproj", "{F3F95448-2592-9B18-FE86-887D33DAECE1}"
EndProject
Project("{FAE04EC0-301F-11D3-BF4B-00C04F79EFBC}") = "VoiceSDK.Runtime", "VoiceSDK.Runtime.csproj", "{B0A8B7D5-3426-F0FC-0361-8313D96B9692}"
EndProject
Project("{FAE04EC0-301F-11D3-BF4B-00C04F79EFBC}") = "Meta.WitAi.Lib", "Meta.WitAi.Lib.csproj", "{1F063DF8-FE71-83D6-A5B6-98CD7AA18E0A}"
EndProject
Project("{FAE04EC0-301F-11D3-BF4B-00C04F79EFBC}") = "Oculus.Interaction.OVR.Samples", "Oculus.Interaction.OVR.Samples.csproj", "{7CDD9C6D-362D-E207-675B-FAA90907A019}"
EndProject
Project("{FAE04EC0-301F-11D3-BF4B-00C04F79EFBC}") = "Meta.WitAi.TTS.Samples", "Meta.WitAi.TTS.Samples.csproj", "{480B6DF7-167A-8837-D4FD-AA8CF173BA8E}"
EndProject
Project("{FAE04EC0-301F-11D3-BF4B-00C04F79EFBC}") = "Oculus.Voice.Demo", "Oculus.Voice.Demo.csproj", "{0205ABBF-4471-2F11-CAD8-54186DEBD7FB}"
EndProject
Project("{FAE04EC0-301F-11D3-BF4B-00C04F79EFBC}") = "Oculus.Interaction.OVR", "Oculus.Interaction.OVR.csproj", "{F97A9579-A661-5912-8873-C7B388D5322C}"
EndProject
Project("{FAE04EC0-301F-11D3-BF4B-00C04F79EFBC}") = "AssistantCoreSDKRuntime", "AssistantCoreSDKRuntime.csproj", "{EB422D04-8470-46BA-9C61-85E18968380F}"
EndProject
Project("{FAE04EC0-301F-11D3-BF4B-00C04F79EFBC}") = "Meta.WitAi.Conduit", "Meta.WitAi.Conduit.csproj", "{752FB679-817A-D733-6726-3E5692B2A12D}"
EndProject
Project("{FAE04EC0-301F-11D3-BF4B-00C04F79EFBC}") = "Oculus.AudioManager", "Oculus.AudioManager.csproj", "{10B0CA19-1FA5-0F12-4423-137DAE120729}"
EndProject
Project("{FAE04EC0-301F-11D3-BF4B-00C04F79EFBC}") = "Oculus.LipSync", "Oculus.LipSync.csproj", "{2A38F5BA-B704-CC34-B311-03F1A944DD37}"
EndProject
Project("{FAE04EC0-301F-11D3-BF4B-00C04F79EFBC}") = "Oculus.Spatializer", "Oculus.Spatializer.csproj", "{262A733A-B606-310B-89FA-37C447C9241B}"
EndProject
Project("{FAE04EC0-301F-11D3-BF4B-00C04F79EFBC}") = "Meta.VoiceSDK.Mic.Other", "Meta.VoiceSDK.Mic.Other.csproj", "{E6574F5D-B59E-B874-49E1-F21FB102CAB3}"
EndProject
Project("{FAE04EC0-301F-11D3-BF4B-00C04F79EFBC}") = "Meta.VoiceSDK.Mic.Common", "Meta.VoiceSDK.Mic.Common.csproj", "{845F5B76-66EF-8312-263C-F227661FCBDD}"
EndProject
Project("{FAE04EC0-301F-11D3-BF4B-00C04F79EFBC}") = "Facebook.Wit.Dictation", "Facebook.Wit.Dictation.csproj", "{099560D9-4C11-3778-A1B5-CEEDBF541AB0}"
EndProject
Project("{FAE04EC0-301F-11D3-BF4B-00C04F79EFBC}") = "Meta.WitAi.TTS", "Meta.WitAi.TTS.csproj", "{F1E76298-D513-2A18-062A-2B1C0937D333}"
EndProject
Project("{FAE04EC0-301F-11D3-BF4B-00C04F79EFBC}") = "Meta.WitAi.Editor", "Meta.WitAi.Editor.csproj", "{A8E2D369-83D0-E5A8-E5C0-EAFEB46EA097}"
EndProject
Project("{FAE04EC0-301F-11D3-BF4B-00C04F79EFBC}") = "Meta.WitAI.Lib.Editor", "Meta.WitAI.Lib.Editor.csproj", "{DBD1CF9C-D94F-21E2-79E1-2E30135FD139}"
EndProject
Project("{FAE04EC0-301F-11D3-BF4B-00C04F79EFBC}") = "Oculus.VR.Editor", "Oculus.VR.Editor.csproj", "{06AEDBC9-A3A3-F238-0C04-4254720D68BB}"
EndProject
Project("{FAE04EC0-301F-11D3-BF4B-00C04F79EFBC}") = "Meta.WitAi.Conduit.Editor", "Meta.WitAi.Conduit.Editor.csproj", "{DCA13C1B-44CE-94F0-734F-399CF04AE56B}"
EndProject
Project("{FAE04EC0-301F-11D3-BF4B-00C04F79EFBC}") = "Oculus.Interaction.Editor", "Oculus.Interaction.Editor.csproj", "{BF87BCDB-C799-6101-8EE1-6BBF1B224459}"
EndProject
Project("{FAE04EC0-301F-11D3-BF4B-00C04F79EFBC}") = "Oculus.Interaction.OVR.Editor", "Oculus.Interaction.OVR.Editor.csproj", "{BA0CFF5E-6BE8-7BAF-919F-0999CFAB9B05}"
EndProject
Project("{FAE04EC0-301F-11D3-BF4B-00C04F79EFBC}") = "Assembly-CSharp-Editor", "Assembly-CSharp-Editor.csproj", "{E97FD471-E9BC-264E-A723-47B8A4066C52}"
EndProject
Project("{FAE04EC0-301F-11D3-BF4B-00C04F79EFBC}") = "Oculus.VR.Scripts.Editor", "Oculus.VR.Scripts.Editor.csproj", "{69E26F9D-3C02-E977-C85A-2FFB0F3290B3}"
EndProject
Project("{FAE04EC0-301F-11D3-BF4B-00C04F79EFBC}") = "Oculus.Spatializer.Editor", "Oculus.Spatializer.Editor.csproj", "{8F8A045C-0B43-450B-447F-FAE0549855B1}"
EndProject
Project("{FAE04EC0-301F-11D3-BF4B-00C04F79EFBC}") = "Meta.WitAi.TTS.Editor", "Meta.WitAi.TTS.Editor.csproj", "{5A9ED525-BE94-1B53-FD34-8A5BBE2F3F49}"
EndProject
Project("{FAE04EC0-301F-11D3-BF4B-00C04F79EFBC}") = "VoiceSDK.Dictation.Editor", "VoiceSDK.Dictation.Editor.csproj", "{3B7FCA2D-30CD-5636-49A8-62409CAE9FA6}"
EndProject
Project("{FAE04EC0-301F-11D3-BF4B-00C04F79EFBC}") = "Oculus.Platform.Editor", "Oculus.Platform.Editor.csproj", "{6DAD8104-B744-4B48-34E7-728E379E6916}"
EndProject
Project("{FAE04EC0-301F-11D3-BF4B-00C04F79EFBC}") = "VoiceSDK.Editor", "VoiceSDK.Editor.csproj", "{694E63BB-A948-3C92-46AE-CB6E98854F60}"
EndProject
Project("{FAE04EC0-301F-11D3-BF4B-00C04F79EFBC}") = "Oculus.AudioManager.Audio.Editor", "Oculus.AudioManager.Audio.Editor.csproj", "{A7D762B6-B843-514D-69CB-B521095D99B7}"
EndProject
Project("{FAE04EC0-301F-11D3-BF4B-00C04F79EFBC}") = "Oculus.LipSync.Editor", "Oculus.LipSync.Editor.csproj", "{ADDAC5EF-0D4B-8601-9A3F-78447FB517F1}"
EndProject
Project("{FAE04EC0-301F-11D3-BF4B-00C04F79EFBC}") = "Oculus.AudioManager.Utils.Editor", "Oculus.AudioManager.Utils.Editor.csproj", "{6AC4EC61-2B0C-13E3-A5CE-DAA41D15DE75}"
EndProject
Project("{FAE04EC0-301F-11D3-BF4B-00C04F79EFBC}") = "Oculus.Interaction.Samples.Editor", "Oculus.Interaction.Samples.Editor.csproj", "{D554A6E7-33B7-815F-7755-F865812E714B}"
EndProject
Project("{FAE04EC0-301F-11D3-BF4B-00C04F79EFBC}") = "Facebook.Wit.Dictation.Editor", "Facebook.Wit.Dictation.Editor.csproj", "{106E1E29-A7B6-61DC-B57E-925934A99572}"
EndProject
Project("{FAE04EC0-301F-11D3-BF4B-00C04F79EFBC}") = "Oculus.Interaction.InterfaceSupport", "Oculus.Interaction.InterfaceSupport.csproj", "{0CD5307C-808B-DEA9-0EBE-F31DDD0E6CED}"
EndProject
Project("{FAE04EC0-301F-11D3-BF4B-00C04F79EFBC}") = "AssistantCoreSDKEditor", "AssistantCoreSDKEditor.csproj", "{48EB1B93-B790-0034-C4B0-AC4F154FFDD1}"
EndProject
Global
	GlobalSection(SolutionConfigurationPlatforms) = preSolution
		Debug|Any CPU = Debug|Any CPU
		Release|Any CPU = Release|Any CPU
	EndGlobalSection
	GlobalSection(ProjectConfigurationPlatforms) = postSolution
		{D8B94E0C-6C9B-03B1-2861-7B49F55EC842}.Debug|Any CPU.ActiveCfg = Debug|Any CPU
		{D8B94E0C-6C9B-03B1-2861-7B49F55EC842}.Debug|Any CPU.Build.0 = Debug|Any CPU
		{D8B94E0C-6C9B-03B1-2861-7B49F55EC842}.Release|Any CPU.ActiveCfg = Release|Any CPU
		{D8B94E0C-6C9B-03B1-2861-7B49F55EC842}.Release|Any CPU.Build.0 = Release|Any CPU
		{FDD6FEAB-6DE5-2E62-F6F2-ABA667087FC3}.Debug|Any CPU.ActiveCfg = Debug|Any CPU
		{FDD6FEAB-6DE5-2E62-F6F2-ABA667087FC3}.Debug|Any CPU.Build.0 = Debug|Any CPU
		{FDD6FEAB-6DE5-2E62-F6F2-ABA667087FC3}.Release|Any CPU.ActiveCfg = Release|Any CPU
		{FDD6FEAB-6DE5-2E62-F6F2-ABA667087FC3}.Release|Any CPU.Build.0 = Release|Any CPU
		{46FE4121-0841-D07B-3237-35DE2EE46278}.Debug|Any CPU.ActiveCfg = Debug|Any CPU
		{46FE4121-0841-D07B-3237-35DE2EE46278}.Debug|Any CPU.Build.0 = Debug|Any CPU
		{46FE4121-0841-D07B-3237-35DE2EE46278}.Release|Any CPU.ActiveCfg = Release|Any CPU
		{46FE4121-0841-D07B-3237-35DE2EE46278}.Release|Any CPU.Build.0 = Release|Any CPU
		{2876E11D-A1DE-D0F8-4F16-4142B710F996}.Debug|Any CPU.ActiveCfg = Debug|Any CPU
		{2876E11D-A1DE-D0F8-4F16-4142B710F996}.Debug|Any CPU.Build.0 = Debug|Any CPU
		{2876E11D-A1DE-D0F8-4F16-4142B710F996}.Release|Any CPU.ActiveCfg = Release|Any CPU
		{2876E11D-A1DE-D0F8-4F16-4142B710F996}.Release|Any CPU.Build.0 = Release|Any CPU
		{9F8A1A3D-1E98-441F-107E-4AFA4285AA1A}.Debug|Any CPU.ActiveCfg = Debug|Any CPU
		{9F8A1A3D-1E98-441F-107E-4AFA4285AA1A}.Debug|Any CPU.Build.0 = Debug|Any CPU
		{9F8A1A3D-1E98-441F-107E-4AFA4285AA1A}.Release|Any CPU.ActiveCfg = Release|Any CPU
		{9F8A1A3D-1E98-441F-107E-4AFA4285AA1A}.Release|Any CPU.Build.0 = Release|Any CPU
		{F3F95448-2592-9B18-FE86-887D33DAECE1}.Debug|Any CPU.ActiveCfg = Debug|Any CPU
		{F3F95448-2592-9B18-FE86-887D33DAECE1}.Debug|Any CPU.Build.0 = Debug|Any CPU
		{F3F95448-2592-9B18-FE86-887D33DAECE1}.Release|Any CPU.ActiveCfg = Release|Any CPU
		{F3F95448-2592-9B18-FE86-887D33DAECE1}.Release|Any CPU.Build.0 = Release|Any CPU
		{B0A8B7D5-3426-F0FC-0361-8313D96B9692}.Debug|Any CPU.ActiveCfg = Debug|Any CPU
		{B0A8B7D5-3426-F0FC-0361-8313D96B9692}.Debug|Any CPU.Build.0 = Debug|Any CPU
		{B0A8B7D5-3426-F0FC-0361-8313D96B9692}.Release|Any CPU.ActiveCfg = Release|Any CPU
		{B0A8B7D5-3426-F0FC-0361-8313D96B9692}.Release|Any CPU.Build.0 = Release|Any CPU
		{1F063DF8-FE71-83D6-A5B6-98CD7AA18E0A}.Debug|Any CPU.ActiveCfg = Debug|Any CPU
		{1F063DF8-FE71-83D6-A5B6-98CD7AA18E0A}.Debug|Any CPU.Build.0 = Debug|Any CPU
		{1F063DF8-FE71-83D6-A5B6-98CD7AA18E0A}.Release|Any CPU.ActiveCfg = Release|Any CPU
		{1F063DF8-FE71-83D6-A5B6-98CD7AA18E0A}.Release|Any CPU.Build.0 = Release|Any CPU
		{7CDD9C6D-362D-E207-675B-FAA90907A019}.Debug|Any CPU.ActiveCfg = Debug|Any CPU
		{7CDD9C6D-362D-E207-675B-FAA90907A019}.Debug|Any CPU.Build.0 = Debug|Any CPU
		{7CDD9C6D-362D-E207-675B-FAA90907A019}.Release|Any CPU.ActiveCfg = Release|Any CPU
		{7CDD9C6D-362D-E207-675B-FAA90907A019}.Release|Any CPU.Build.0 = Release|Any CPU
		{480B6DF7-167A-8837-D4FD-AA8CF173BA8E}.Debug|Any CPU.ActiveCfg = Debug|Any CPU
		{480B6DF7-167A-8837-D4FD-AA8CF173BA8E}.Debug|Any CPU.Build.0 = Debug|Any CPU
		{480B6DF7-167A-8837-D4FD-AA8CF173BA8E}.Release|Any CPU.ActiveCfg = Release|Any CPU
		{480B6DF7-167A-8837-D4FD-AA8CF173BA8E}.Release|Any CPU.Build.0 = Release|Any CPU
		{0205ABBF-4471-2F11-CAD8-54186DEBD7FB}.Debug|Any CPU.ActiveCfg = Debug|Any CPU
		{0205ABBF-4471-2F11-CAD8-54186DEBD7FB}.Debug|Any CPU.Build.0 = Debug|Any CPU
		{0205ABBF-4471-2F11-CAD8-54186DEBD7FB}.Release|Any CPU.ActiveCfg = Release|Any CPU
		{0205ABBF-4471-2F11-CAD8-54186DEBD7FB}.Release|Any CPU.Build.0 = Release|Any CPU
		{F97A9579-A661-5912-8873-C7B388D5322C}.Debug|Any CPU.ActiveCfg = Debug|Any CPU
		{F97A9579-A661-5912-8873-C7B388D5322C}.Debug|Any CPU.Build.0 = Debug|Any CPU
		{F97A9579-A661-5912-8873-C7B388D5322C}.Release|Any CPU.ActiveCfg = Release|Any CPU
		{F97A9579-A661-5912-8873-C7B388D5322C}.Release|Any CPU.Build.0 = Release|Any CPU
		{EB422D04-8470-46BA-9C61-85E18968380F}.Debug|Any CPU.ActiveCfg = Debug|Any CPU
		{EB422D04-8470-46BA-9C61-85E18968380F}.Debug|Any CPU.Build.0 = Debug|Any CPU
		{EB422D04-8470-46BA-9C61-85E18968380F}.Release|Any CPU.ActiveCfg = Release|Any CPU
		{EB422D04-8470-46BA-9C61-85E18968380F}.Release|Any CPU.Build.0 = Release|Any CPU
		{752FB679-817A-D733-6726-3E5692B2A12D}.Debug|Any CPU.ActiveCfg = Debug|Any CPU
		{752FB679-817A-D733-6726-3E5692B2A12D}.Debug|Any CPU.Build.0 = Debug|Any CPU
		{752FB679-817A-D733-6726-3E5692B2A12D}.Release|Any CPU.ActiveCfg = Release|Any CPU
		{752FB679-817A-D733-6726-3E5692B2A12D}.Release|Any CPU.Build.0 = Release|Any CPU
		{10B0CA19-1FA5-0F12-4423-137DAE120729}.Debug|Any CPU.ActiveCfg = Debug|Any CPU
		{10B0CA19-1FA5-0F12-4423-137DAE120729}.Debug|Any CPU.Build.0 = Debug|Any CPU
		{10B0CA19-1FA5-0F12-4423-137DAE120729}.Release|Any CPU.ActiveCfg = Release|Any CPU
		{10B0CA19-1FA5-0F12-4423-137DAE120729}.Release|Any CPU.Build.0 = Release|Any CPU
		{2A38F5BA-B704-CC34-B311-03F1A944DD37}.Debug|Any CPU.ActiveCfg = Debug|Any CPU
		{2A38F5BA-B704-CC34-B311-03F1A944DD37}.Debug|Any CPU.Build.0 = Debug|Any CPU
		{2A38F5BA-B704-CC34-B311-03F1A944DD37}.Release|Any CPU.ActiveCfg = Release|Any CPU
		{2A38F5BA-B704-CC34-B311-03F1A944DD37}.Release|Any CPU.Build.0 = Release|Any CPU
		{262A733A-B606-310B-89FA-37C447C9241B}.Debug|Any CPU.ActiveCfg = Debug|Any CPU
		{262A733A-B606-310B-89FA-37C447C9241B}.Debug|Any CPU.Build.0 = Debug|Any CPU
		{262A733A-B606-310B-89FA-37C447C9241B}.Release|Any CPU.ActiveCfg = Release|Any CPU
		{262A733A-B606-310B-89FA-37C447C9241B}.Release|Any CPU.Build.0 = Release|Any CPU
		{E6574F5D-B59E-B874-49E1-F21FB102CAB3}.Debug|Any CPU.ActiveCfg = Debug|Any CPU
		{E6574F5D-B59E-B874-49E1-F21FB102CAB3}.Debug|Any CPU.Build.0 = Debug|Any CPU
		{E6574F5D-B59E-B874-49E1-F21FB102CAB3}.Release|Any CPU.ActiveCfg = Release|Any CPU
		{E6574F5D-B59E-B874-49E1-F21FB102CAB3}.Release|Any CPU.Build.0 = Release|Any CPU
		{845F5B76-66EF-8312-263C-F227661FCBDD}.Debug|Any CPU.ActiveCfg = Debug|Any CPU
		{845F5B76-66EF-8312-263C-F227661FCBDD}.Debug|Any CPU.Build.0 = Debug|Any CPU
		{845F5B76-66EF-8312-263C-F227661FCBDD}.Release|Any CPU.ActiveCfg = Release|Any CPU
		{845F5B76-66EF-8312-263C-F227661FCBDD}.Release|Any CPU.Build.0 = Release|Any CPU
		{099560D9-4C11-3778-A1B5-CEEDBF541AB0}.Debug|Any CPU.ActiveCfg = Debug|Any CPU
		{099560D9-4C11-3778-A1B5-CEEDBF541AB0}.Debug|Any CPU.Build.0 = Debug|Any CPU
		{099560D9-4C11-3778-A1B5-CEEDBF541AB0}.Release|Any CPU.ActiveCfg = Release|Any CPU
		{099560D9-4C11-3778-A1B5-CEEDBF541AB0}.Release|Any CPU.Build.0 = Release|Any CPU
		{F1E76298-D513-2A18-062A-2B1C0937D333}.Debug|Any CPU.ActiveCfg = Debug|Any CPU
		{F1E76298-D513-2A18-062A-2B1C0937D333}.Debug|Any CPU.Build.0 = Debug|Any CPU
		{F1E76298-D513-2A18-062A-2B1C0937D333}.Release|Any CPU.ActiveCfg = Release|Any CPU
		{F1E76298-D513-2A18-062A-2B1C0937D333}.Release|Any CPU.Build.0 = Release|Any CPU
		{A8E2D369-83D0-E5A8-E5C0-EAFEB46EA097}.Debug|Any CPU.ActiveCfg = Debug|Any CPU
		{A8E2D369-83D0-E5A8-E5C0-EAFEB46EA097}.Debug|Any CPU.Build.0 = Debug|Any CPU
		{A8E2D369-83D0-E5A8-E5C0-EAFEB46EA097}.Release|Any CPU.ActiveCfg = Release|Any CPU
		{A8E2D369-83D0-E5A8-E5C0-EAFEB46EA097}.Release|Any CPU.Build.0 = Release|Any CPU
		{DBD1CF9C-D94F-21E2-79E1-2E30135FD139}.Debug|Any CPU.ActiveCfg = Debug|Any CPU
		{DBD1CF9C-D94F-21E2-79E1-2E30135FD139}.Debug|Any CPU.Build.0 = Debug|Any CPU
		{DBD1CF9C-D94F-21E2-79E1-2E30135FD139}.Release|Any CPU.ActiveCfg = Release|Any CPU
		{DBD1CF9C-D94F-21E2-79E1-2E30135FD139}.Release|Any CPU.Build.0 = Release|Any CPU
		{06AEDBC9-A3A3-F238-0C04-4254720D68BB}.Debug|Any CPU.ActiveCfg = Debug|Any CPU
		{06AEDBC9-A3A3-F238-0C04-4254720D68BB}.Debug|Any CPU.Build.0 = Debug|Any CPU
		{06AEDBC9-A3A3-F238-0C04-4254720D68BB}.Release|Any CPU.ActiveCfg = Release|Any CPU
		{06AEDBC9-A3A3-F238-0C04-4254720D68BB}.Release|Any CPU.Build.0 = Release|Any CPU
		{DCA13C1B-44CE-94F0-734F-399CF04AE56B}.Debug|Any CPU.ActiveCfg = Debug|Any CPU
		{DCA13C1B-44CE-94F0-734F-399CF04AE56B}.Debug|Any CPU.Build.0 = Debug|Any CPU
		{DCA13C1B-44CE-94F0-734F-399CF04AE56B}.Release|Any CPU.ActiveCfg = Release|Any CPU
		{DCA13C1B-44CE-94F0-734F-399CF04AE56B}.Release|Any CPU.Build.0 = Release|Any CPU
		{BF87BCDB-C799-6101-8EE1-6BBF1B224459}.Debug|Any CPU.ActiveCfg = Debug|Any CPU
		{BF87BCDB-C799-6101-8EE1-6BBF1B224459}.Debug|Any CPU.Build.0 = Debug|Any CPU
		{BF87BCDB-C799-6101-8EE1-6BBF1B224459}.Release|Any CPU.ActiveCfg = Release|Any CPU
		{BF87BCDB-C799-6101-8EE1-6BBF1B224459}.Release|Any CPU.Build.0 = Release|Any CPU
		{BA0CFF5E-6BE8-7BAF-919F-0999CFAB9B05}.Debug|Any CPU.ActiveCfg = Debug|Any CPU
		{BA0CFF5E-6BE8-7BAF-919F-0999CFAB9B05}.Debug|Any CPU.Build.0 = Debug|Any CPU
		{BA0CFF5E-6BE8-7BAF-919F-0999CFAB9B05}.Release|Any CPU.ActiveCfg = Release|Any CPU
		{BA0CFF5E-6BE8-7BAF-919F-0999CFAB9B05}.Release|Any CPU.Build.0 = Release|Any CPU
		{E97FD471-E9BC-264E-A723-47B8A4066C52}.Debug|Any CPU.ActiveCfg = Debug|Any CPU
		{E97FD471-E9BC-264E-A723-47B8A4066C52}.Debug|Any CPU.Build.0 = Debug|Any CPU
		{E97FD471-E9BC-264E-A723-47B8A4066C52}.Release|Any CPU.ActiveCfg = Release|Any CPU
		{E97FD471-E9BC-264E-A723-47B8A4066C52}.Release|Any CPU.Build.0 = Release|Any CPU
		{69E26F9D-3C02-E977-C85A-2FFB0F3290B3}.Debug|Any CPU.ActiveCfg = Debug|Any CPU
		{69E26F9D-3C02-E977-C85A-2FFB0F3290B3}.Debug|Any CPU.Build.0 = Debug|Any CPU
		{69E26F9D-3C02-E977-C85A-2FFB0F3290B3}.Release|Any CPU.ActiveCfg = Release|Any CPU
		{69E26F9D-3C02-E977-C85A-2FFB0F3290B3}.Release|Any CPU.Build.0 = Release|Any CPU
		{8F8A045C-0B43-450B-447F-FAE0549855B1}.Debug|Any CPU.ActiveCfg = Debug|Any CPU
		{8F8A045C-0B43-450B-447F-FAE0549855B1}.Debug|Any CPU.Build.0 = Debug|Any CPU
		{8F8A045C-0B43-450B-447F-FAE0549855B1}.Release|Any CPU.ActiveCfg = Release|Any CPU
		{8F8A045C-0B43-450B-447F-FAE0549855B1}.Release|Any CPU.Build.0 = Release|Any CPU
		{5A9ED525-BE94-1B53-FD34-8A5BBE2F3F49}.Debug|Any CPU.ActiveCfg = Debug|Any CPU
		{5A9ED525-BE94-1B53-FD34-8A5BBE2F3F49}.Debug|Any CPU.Build.0 = Debug|Any CPU
		{5A9ED525-BE94-1B53-FD34-8A5BBE2F3F49}.Release|Any CPU.ActiveCfg = Release|Any CPU
		{5A9ED525-BE94-1B53-FD34-8A5BBE2F3F49}.Release|Any CPU.Build.0 = Release|Any CPU
		{3B7FCA2D-30CD-5636-49A8-62409CAE9FA6}.Debug|Any CPU.ActiveCfg = Debug|Any CPU
		{3B7FCA2D-30CD-5636-49A8-62409CAE9FA6}.Debug|Any CPU.Build.0 = Debug|Any CPU
		{3B7FCA2D-30CD-5636-49A8-62409CAE9FA6}.Release|Any CPU.ActiveCfg = Release|Any CPU
		{3B7FCA2D-30CD-5636-49A8-62409CAE9FA6}.Release|Any CPU.Build.0 = Release|Any CPU
		{6DAD8104-B744-4B48-34E7-728E379E6916}.Debug|Any CPU.ActiveCfg = Debug|Any CPU
		{6DAD8104-B744-4B48-34E7-728E379E6916}.Debug|Any CPU.Build.0 = Debug|Any CPU
		{6DAD8104-B744-4B48-34E7-728E379E6916}.Release|Any CPU.ActiveCfg = Release|Any CPU
		{6DAD8104-B744-4B48-34E7-728E379E6916}.Release|Any CPU.Build.0 = Release|Any CPU
		{694E63BB-A948-3C92-46AE-CB6E98854F60}.Debug|Any CPU.ActiveCfg = Debug|Any CPU
		{694E63BB-A948-3C92-46AE-CB6E98854F60}.Debug|Any CPU.Build.0 = Debug|Any CPU
		{694E63BB-A948-3C92-46AE-CB6E98854F60}.Release|Any CPU.ActiveCfg = Release|Any CPU
		{694E63BB-A948-3C92-46AE-CB6E98854F60}.Release|Any CPU.Build.0 = Release|Any CPU
		{A7D762B6-B843-514D-69CB-B521095D99B7}.Debug|Any CPU.ActiveCfg = Debug|Any CPU
		{A7D762B6-B843-514D-69CB-B521095D99B7}.Debug|Any CPU.Build.0 = Debug|Any CPU
		{A7D762B6-B843-514D-69CB-B521095D99B7}.Release|Any CPU.ActiveCfg = Release|Any CPU
		{A7D762B6-B843-514D-69CB-B521095D99B7}.Release|Any CPU.Build.0 = Release|Any CPU
		{ADDAC5EF-0D4B-8601-9A3F-78447FB517F1}.Debug|Any CPU.ActiveCfg = Debug|Any CPU
		{ADDAC5EF-0D4B-8601-9A3F-78447FB517F1}.Debug|Any CPU.Build.0 = Debug|Any CPU
		{ADDAC5EF-0D4B-8601-9A3F-78447FB517F1}.Release|Any CPU.ActiveCfg = Release|Any CPU
		{ADDAC5EF-0D4B-8601-9A3F-78447FB517F1}.Release|Any CPU.Build.0 = Release|Any CPU
		{6AC4EC61-2B0C-13E3-A5CE-DAA41D15DE75}.Debug|Any CPU.ActiveCfg = Debug|Any CPU
		{6AC4EC61-2B0C-13E3-A5CE-DAA41D15DE75}.Debug|Any CPU.Build.0 = Debug|Any CPU
		{6AC4EC61-2B0C-13E3-A5CE-DAA41D15DE75}.Release|Any CPU.ActiveCfg = Release|Any CPU
		{6AC4EC61-2B0C-13E3-A5CE-DAA41D15DE75}.Release|Any CPU.Build.0 = Release|Any CPU
		{D554A6E7-33B7-815F-7755-F865812E714B}.Debug|Any CPU.ActiveCfg = Debug|Any CPU
		{D554A6E7-33B7-815F-7755-F865812E714B}.Debug|Any CPU.Build.0 = Debug|Any CPU
		{D554A6E7-33B7-815F-7755-F865812E714B}.Release|Any CPU.ActiveCfg = Release|Any CPU
		{D554A6E7-33B7-815F-7755-F865812E714B}.Release|Any CPU.Build.0 = Release|Any CPU
		{106E1E29-A7B6-61DC-B57E-925934A99572}.Debug|Any CPU.ActiveCfg = Debug|Any CPU
		{106E1E29-A7B6-61DC-B57E-925934A99572}.Debug|Any CPU.Build.0 = Debug|Any CPU
		{106E1E29-A7B6-61DC-B57E-925934A99572}.Release|Any CPU.ActiveCfg = Release|Any CPU
		{106E1E29-A7B6-61DC-B57E-925934A99572}.Release|Any CPU.Build.0 = Release|Any CPU
		{0CD5307C-808B-DEA9-0EBE-F31DDD0E6CED}.Debug|Any CPU.ActiveCfg = Debug|Any CPU
		{0CD5307C-808B-DEA9-0EBE-F31DDD0E6CED}.Debug|Any CPU.Build.0 = Debug|Any CPU
		{0CD5307C-808B-DEA9-0EBE-F31DDD0E6CED}.Release|Any CPU.ActiveCfg = Release|Any CPU
		{0CD5307C-808B-DEA9-0EBE-F31DDD0E6CED}.Release|Any CPU.Build.0 = Release|Any CPU
		{48EB1B93-B790-0034-C4B0-AC4F154FFDD1}.Debug|Any CPU.ActiveCfg = Debug|Any CPU
		{48EB1B93-B790-0034-C4B0-AC4F154FFDD1}.Debug|Any CPU.Build.0 = Debug|Any CPU
		{48EB1B93-B790-0034-C4B0-AC4F154FFDD1}.Release|Any CPU.ActiveCfg = Release|Any CPU
		{48EB1B93-B790-0034-C4B0-AC4F154FFDD1}.Release|Any CPU.Build.0 = Release|Any CPU
	EndGlobalSection
	GlobalSection(SolutionProperties) = preSolution
		HideSolutionNode = FALSE
	EndGlobalSection
EndGlobal
